
Microsoft Visual Studio Solution File, Format Version 12.00
# Visual Studio Version 17
VisualStudioVersion = 17.0.31903.59
MinimumVisualStudioVersion = 10.0.40219.1
Project("{FAE04EC0-301F-11D3-BF4B-00C04F79EFBC}") = "Codiltiy", "Codiltiy\Codiltiy.csproj", "{0D045D18-8802-4794-973F-148B56F98267}"
EndProject
Global
	GlobalSection(SolutionConfigurationPlatforms) = preSolution
		Debug|Any CPU = Debug|Any CPU
		Release|Any CPU = Release|Any CPU
	EndGlobalSection
	GlobalSection(ProjectConfigurationPlatforms) = postSolution
		{0D045D18-8802-4794-973F-148B56F98267}.Debug|Any CPU.ActiveCfg = Debug|Any CPU
		{0D045D18-8802-4794-973F-148B56F98267}.Debug|Any CPU.Build.0 = Debug|Any CPU
		{0D045D18-8802-4794-973F-148B56F98267}.Release|Any CPU.ActiveCfg = Release|Any CPU
		{0D045D18-8802-4794-973F-148B56F98267}.Release|Any CPU.Build.0 = Release|Any CPU
	EndGlobalSection
	GlobalSection(SolutionProperties) = preSolution
		HideSolutionNode = FALSE
	EndGlobalSection
	GlobalSection(ExtensibilityGlobals) = postSolution
		SolutionGuid = {06903A5A-5941-4686-A841-F8DBD47CB7B0}
	EndGlobalSection
EndGlobal
